// !$*UTF8*$!
{
	archiveVersion = 1;
	classes = {
	};
	objectVersion = 46;
	objects = {

/* Begin PBXBuildFile section */
		00067E212038CEC000170054 /* IFunc.swift in Sources */ = {isa = PBXBuildFile; fileRef = 00067E202038CEC000170054 /* IFunc.swift */; };
		00067E232038CFF900170054 /* DiseaseLoadingReactor.swift in Sources */ = {isa = PBXBuildFile; fileRef = 00067E222038CFF900170054 /* DiseaseLoadingReactor.swift */; };
		0008CE2C1FE6CFA1006FD767 /* QuickTouch.swift in Sources */ = {isa = PBXBuildFile; fileRef = 0008CE2B1FE6CFA1006FD767 /* QuickTouch.swift */; };
		0008CE2E1FE6D158006FD767 /* ReportingService.swift in Sources */ = {isa = PBXBuildFile; fileRef = 0008CE2D1FE6D158006FD767 /* ReportingService.swift */; };
		0008CE361FE6FB09006FD767 /* NotificationCenter.framework in Frameworks */ = {isa = PBXBuildFile; fileRef = 0008CE351FE6FB09006FD767 /* NotificationCenter.framework */; };
		0008CE391FE6FB09006FD767 /* TodayViewController.swift in Sources */ = {isa = PBXBuildFile; fileRef = 0008CE381FE6FB09006FD767 /* TodayViewController.swift */; };
		0008CE3C1FE6FB09006FD767 /* MainInterface.storyboard in Resources */ = {isa = PBXBuildFile; fileRef = 0008CE3A1FE6FB09006FD767 /* MainInterface.storyboard */; };
		0008CE401FE6FB09006FD767 /* EpidemikWidget.appex in Embed App Extensions */ = {isa = PBXBuildFile; fileRef = 0008CE331FE6FB09006FD767 /* EpidemikWidget.appex */; settings = {ATTRIBUTES = (RemoveHeadersOnCopy, ); }; };
		0008CE461FE6FCD6006FD767 /* TrendsWidgetView.swift in Sources */ = {isa = PBXBuildFile; fileRef = 0008CE451FE6FCD6006FD767 /* TrendsWidgetView.swift */; };
		0008CE481FE6FD06006FD767 /* Trend.swift in Sources */ = {isa = PBXBuildFile; fileRef = 0008CE471FE6FD06006FD767 /* Trend.swift */; };
		0008CE4C1FE706C8006FD767 /* FileRW.swift in Sources */ = {isa = PBXBuildFile; fileRef = 00CD77FC1F7844C1002B5C78 /* FileRW.swift */; };
		0008CE4D1FE706CC006FD767 /* Assets.xcassets in Sources */ = {isa = PBXBuildFile; fileRef = 0011DBBE1F6C0EBA004212E1 /* Assets.xcassets */; };
		0010A42D1F8008A800D12495 /* ButtonExtension.swift in Sources */ = {isa = PBXBuildFile; fileRef = 0010A42C1F8008A800D12495 /* ButtonExtension.swift */; };
		0010A42F1F800DD000D12495 /* ScrollSelector.swift in Sources */ = {isa = PBXBuildFile; fileRef = 0010A42E1F800DD000D12495 /* ScrollSelector.swift */; };
		00112527203889EF00C3D16A /* DataCenter.swift in Sources */ = {isa = PBXBuildFile; fileRef = 00112526203889EF00C3D16A /* DataCenter.swift */; };
		0011DBB81F6C0EBA004212E1 /* AppDelegate.swift in Sources */ = {isa = PBXBuildFile; fileRef = 0011DBB71F6C0EBA004212E1 /* AppDelegate.swift */; };
		0011DBBA1F6C0EBA004212E1 /* ViewController.swift in Sources */ = {isa = PBXBuildFile; fileRef = 0011DBB91F6C0EBA004212E1 /* ViewController.swift */; };
		0011DBBD1F6C0EBA004212E1 /* Main.storyboard in Resources */ = {isa = PBXBuildFile; fileRef = 0011DBBB1F6C0EBA004212E1 /* Main.storyboard */; };
		0011DBBF1F6C0EBA004212E1 /* Assets.xcassets in Resources */ = {isa = PBXBuildFile; fileRef = 0011DBBE1F6C0EBA004212E1 /* Assets.xcassets */; };
		0011DBC21F6C0EBA004212E1 /* LaunchScreen.storyboard in Resources */ = {isa = PBXBuildFile; fileRef = 0011DBC01F6C0EBA004212E1 /* LaunchScreen.storyboard */; };
		0011DBCD1F6C0EBA004212E1 /* EpidemikTests.swift in Sources */ = {isa = PBXBuildFile; fileRef = 0011DBCC1F6C0EBA004212E1 /* EpidemikTests.swift */; };
		0011DBD81F6C0EBA004212E1 /* EpidemikUITests.swift in Sources */ = {isa = PBXBuildFile; fileRef = 0011DBD71F6C0EBA004212E1 /* EpidemikUITests.swift */; };
		0018BCD81FE0BDB7008DCDE5 /* SettingsView.swift in Sources */ = {isa = PBXBuildFile; fileRef = 0018BCD71FE0BDB7008DCDE5 /* SettingsView.swift */; };
		00224BE82038C9CF002430D3 /* DiseasePolygon.swift in Sources */ = {isa = PBXBuildFile; fileRef = 00224BE72038C9CF002430D3 /* DiseasePolygon.swift */; };
		0032F3421F808295001A9633 /* MapOverlayCreator.swift in Sources */ = {isa = PBXBuildFile; fileRef = 0032F3411F808295001A9633 /* MapOverlayCreator.swift */; };
		0061311C200A920B00A4E71B /* DiseaseRenderer.swift in Sources */ = {isa = PBXBuildFile; fileRef = 0061311B200A920B00A4E71B /* DiseaseRenderer.swift */; };
		0079189B1FF56C4900DB03D3 /* TransitionControls.swift in Sources */ = {isa = PBXBuildFile; fileRef = 0079189A1FF56C4900DB03D3 /* TransitionControls.swift */; };
		0079189D1FF58D8700DB03D3 /* Diseases.swift in Sources */ = {isa = PBXBuildFile; fileRef = 0079189C1FF58D8700DB03D3 /* Diseases.swift */; };
		007918A11FF591D600DB03D3 /* UserAgreementPt3.swift in Sources */ = {isa = PBXBuildFile; fileRef = 007918A01FF591D600DB03D3 /* UserAgreementPt3.swift */; };
		0083AD251F795BD8007AEF87 /* SicknessScreen.swift in Sources */ = {isa = PBXBuildFile; fileRef = 0083AD241F795BD8007AEF87 /* SicknessScreen.swift */; };
		0083AD271F795C50007AEF87 /* DiseaseNameScreen.swift in Sources */ = {isa = PBXBuildFile; fileRef = 0083AD261F795C50007AEF87 /* DiseaseNameScreen.swift */; };
		009CE9E21F8FFFFD00D224F0 /* MainHolder.swift in Sources */ = {isa = PBXBuildFile; fileRef = 009CE9E11F8FFFFD00D224F0 /* MainHolder.swift */; };
		00A5E7A31F6C414D004535D9 /* ContinueArrow.swift in Sources */ = {isa = PBXBuildFile; fileRef = 00A5E7A01F6C414D004535D9 /* ContinueArrow.swift */; };
		00A5E7A41F6C414D004535D9 /* TutorialHolder.swift in Sources */ = {isa = PBXBuildFile; fileRef = 00A5E7A11F6C414D004535D9 /* TutorialHolder.swift */; };
		00A5E7A51F6C414D004535D9 /* NotificationsAsk.swift in Sources */ = {isa = PBXBuildFile; fileRef = 00A5E7A21F6C414D004535D9 /* NotificationsAsk.swift */; };
		00A5E7A71F6C415E004535D9 /* AppDescription.swift in Sources */ = {isa = PBXBuildFile; fileRef = 00A5E7A61F6C415E004535D9 /* AppDescription.swift */; };
		00A5E7A91F6C4170004535D9 /* GeneralAskScreen.swift in Sources */ = {isa = PBXBuildFile; fileRef = 00A5E7A81F6C4170004535D9 /* GeneralAskScreen.swift */; };
		00AA1808203BB8370071CA6A /* TrendLoadingReactor.swift in Sources */ = {isa = PBXBuildFile; fileRef = 00AA1807203BB8370071CA6A /* TrendLoadingReactor.swift */; };
		00AA180A203BB8440071CA6A /* TrendDataCenter.swift in Sources */ = {isa = PBXBuildFile; fileRef = 00AA1809203BB8440071CA6A /* TrendDataCenter.swift */; };
		00BC4F701F81746C0018D5D8 /* Map.swift in Sources */ = {isa = PBXBuildFile; fileRef = 00BC4F6F1F81746C0018D5D8 /* Map.swift */; };
		00BD462D1FE19AF50009A4B5 /* BarSelector.swift in Sources */ = {isa = PBXBuildFile; fileRef = 00BD462C1FE19AF50009A4B5 /* BarSelector.swift */; };
		00BD462F1FE19C620009A4B5 /* DetailSelector.swift in Sources */ = {isa = PBXBuildFile; fileRef = 00BD462E1FE19C620009A4B5 /* DetailSelector.swift */; };
		00BD46311FE1C6F20009A4B5 /* AddressChanger.swift in Sources */ = {isa = PBXBuildFile; fileRef = 00BD46301FE1C6F20009A4B5 /* AddressChanger.swift */; };
		00CD77FA1F7843EA002B5C78 /* AddressAsk.swift in Sources */ = {isa = PBXBuildFile; fileRef = 00CD77F91F7843EA002B5C78 /* AddressAsk.swift */; };
		00CD77FD1F7844C1002B5C78 /* FileRW.swift in Sources */ = {isa = PBXBuildFile; fileRef = 00CD77FC1F7844C1002B5C78 /* FileRW.swift */; };
		00D665511FB5348F00C3C680 /* Trend.swift in Sources */ = {isa = PBXBuildFile; fileRef = 00D665501FB5348F00C3C680 /* Trend.swift */; };
		00E9A4C71F8EFA6C008C95BD /* Disease.swift in Sources */ = {isa = PBXBuildFile; fileRef = 00E9A4C61F8EFA6C008C95BD /* Disease.swift */; };
		00E9D5282038A9A900C353AF /* DiseaseDataCenter.swift in Sources */ = {isa = PBXBuildFile; fileRef = 00E9D5272038A9A900C353AF /* DiseaseDataCenter.swift */; };
		00EBE4AF1F9D2BE6005A8E6B /* UserAgreementPt2.swift in Sources */ = {isa = PBXBuildFile; fileRef = 00EBE4AE1F9D2BE6005A8E6B /* UserAgreementPt2.swift */; };
		00EBE4B11F9D2EC1005A8E6B /* ColorScheme.swift in Sources */ = {isa = PBXBuildFile; fileRef = 00EBE4B01F9D2EC1005A8E6B /* ColorScheme.swift */; };
		00EE1AA31FCB4D58006FDBFD /* TimeSelector.swift in Sources */ = {isa = PBXBuildFile; fileRef = 00EE1AA21FCB4D58006FDBFD /* TimeSelector.swift */; };
		00F2F04E1F7F0B8300BC3120 /* UserAgreementPt1.swift in Sources */ = {isa = PBXBuildFile; fileRef = 00F2F04D1F7F0B8300BC3120 /* UserAgreementPt1.swift */; };
		00F2F0521F7F1ECD00BC3120 /* ButtonSelector.swift in Sources */ = {isa = PBXBuildFile; fileRef = 00F2F0511F7F1ECD00BC3120 /* ButtonSelector.swift */; };
		00FC19101FB3DEB700D8FD97 /* TrendsView.swift in Sources */ = {isa = PBXBuildFile; fileRef = 00FC190F1FB3DEB700D8FD97 /* TrendsView.swift */; };
/* End PBXBuildFile section */

/* Begin PBXContainerItemProxy section */
		0008CE3E1FE6FB09006FD767 /* PBXContainerItemProxy */ = {
			isa = PBXContainerItemProxy;
			containerPortal = 0011DBAC1F6C0EBA004212E1 /* Project object */;
			proxyType = 1;
			remoteGlobalIDString = 0008CE321FE6FB09006FD767;
			remoteInfo = EpidemikWidget;
		};
		0011DBC91F6C0EBA004212E1 /* PBXContainerItemProxy */ = {
			isa = PBXContainerItemProxy;
			containerPortal = 0011DBAC1F6C0EBA004212E1 /* Project object */;
			proxyType = 1;
			remoteGlobalIDString = 0011DBB31F6C0EBA004212E1;
			remoteInfo = Epidemik;
		};
		0011DBD41F6C0EBA004212E1 /* PBXContainerItemProxy */ = {
			isa = PBXContainerItemProxy;
			containerPortal = 0011DBAC1F6C0EBA004212E1 /* Project object */;
			proxyType = 1;
			remoteGlobalIDString = 0011DBB31F6C0EBA004212E1;
			remoteInfo = Epidemik;
		};
/* End PBXContainerItemProxy section */

/* Begin PBXCopyFilesBuildPhase section */
		0008CE441FE6FB09006FD767 /* Embed App Extensions */ = {
			isa = PBXCopyFilesBuildPhase;
			buildActionMask = 2147483647;
			dstPath = "";
			dstSubfolderSpec = 13;
			files = (
				0008CE401FE6FB09006FD767 /* EpidemikWidget.appex in Embed App Extensions */,
			);
			name = "Embed App Extensions";
			runOnlyForDeploymentPostprocessing = 0;
		};
/* End PBXCopyFilesBuildPhase section */

/* Begin PBXFileReference section */
		00067E202038CEC000170054 /* IFunc.swift */ = {isa = PBXFileReference; lastKnownFileType = sourcecode.swift; path = IFunc.swift; sourceTree = "<group>"; };
		00067E222038CFF900170054 /* DiseaseLoadingReactor.swift */ = {isa = PBXFileReference; lastKnownFileType = sourcecode.swift; path = DiseaseLoadingReactor.swift; sourceTree = "<group>"; };
		0008CE2B1FE6CFA1006FD767 /* QuickTouch.swift */ = {isa = PBXFileReference; lastKnownFileType = sourcecode.swift; path = QuickTouch.swift; sourceTree = "<group>"; };
		0008CE2D1FE6D158006FD767 /* ReportingService.swift */ = {isa = PBXFileReference; lastKnownFileType = sourcecode.swift; path = ReportingService.swift; sourceTree = "<group>"; };
		0008CE331FE6FB09006FD767 /* EpidemikWidget.appex */ = {isa = PBXFileReference; explicitFileType = "wrapper.app-extension"; includeInIndex = 0; path = EpidemikWidget.appex; sourceTree = BUILT_PRODUCTS_DIR; };
		0008CE351FE6FB09006FD767 /* NotificationCenter.framework */ = {isa = PBXFileReference; lastKnownFileType = wrapper.framework; name = NotificationCenter.framework; path = System/Library/Frameworks/NotificationCenter.framework; sourceTree = SDKROOT; };
		0008CE381FE6FB09006FD767 /* TodayViewController.swift */ = {isa = PBXFileReference; lastKnownFileType = sourcecode.swift; path = TodayViewController.swift; sourceTree = "<group>"; };
		0008CE3B1FE6FB09006FD767 /* Base */ = {isa = PBXFileReference; lastKnownFileType = file.storyboard; name = Base; path = Base.lproj/MainInterface.storyboard; sourceTree = "<group>"; };
		0008CE3D1FE6FB09006FD767 /* Info.plist */ = {isa = PBXFileReference; lastKnownFileType = text.plist.xml; path = Info.plist; sourceTree = "<group>"; };
		0008CE451FE6FCD6006FD767 /* TrendsWidgetView.swift */ = {isa = PBXFileReference; lastKnownFileType = sourcecode.swift; path = TrendsWidgetView.swift; sourceTree = "<group>"; };
		0008CE471FE6FD06006FD767 /* Trend.swift */ = {isa = PBXFileReference; lastKnownFileType = sourcecode.swift; path = Trend.swift; sourceTree = "<group>"; };
		0008CE4B1FE702A7006FD767 /* EpidemikWidget.entitlements */ = {isa = PBXFileReference; lastKnownFileType = text.plist.entitlements; path = EpidemikWidget.entitlements; sourceTree = "<group>"; };
		0010A42C1F8008A800D12495 /* ButtonExtension.swift */ = {isa = PBXFileReference; lastKnownFileType = sourcecode.swift; path = ButtonExtension.swift; sourceTree = "<group>"; };
		0010A42E1F800DD000D12495 /* ScrollSelector.swift */ = {isa = PBXFileReference; lastKnownFileType = sourcecode.swift; path = ScrollSelector.swift; sourceTree = "<group>"; };
		00112526203889EF00C3D16A /* DataCenter.swift */ = {isa = PBXFileReference; lastKnownFileType = sourcecode.swift; path = DataCenter.swift; sourceTree = "<group>"; };
		0011DBB41F6C0EBA004212E1 /* Epidemik.app */ = {isa = PBXFileReference; explicitFileType = wrapper.application; includeInIndex = 0; path = Epidemik.app; sourceTree = BUILT_PRODUCTS_DIR; };
		0011DBB71F6C0EBA004212E1 /* AppDelegate.swift */ = {isa = PBXFileReference; lastKnownFileType = sourcecode.swift; path = AppDelegate.swift; sourceTree = "<group>"; };
		0011DBB91F6C0EBA004212E1 /* ViewController.swift */ = {isa = PBXFileReference; lastKnownFileType = sourcecode.swift; path = ViewController.swift; sourceTree = "<group>"; };
		0011DBBC1F6C0EBA004212E1 /* Base */ = {isa = PBXFileReference; lastKnownFileType = file.storyboard; name = Base; path = Base.lproj/Main.storyboard; sourceTree = "<group>"; };
		0011DBBE1F6C0EBA004212E1 /* Assets.xcassets */ = {isa = PBXFileReference; lastKnownFileType = folder.assetcatalog; path = Assets.xcassets; sourceTree = "<group>"; };
		0011DBC11F6C0EBA004212E1 /* Base */ = {isa = PBXFileReference; lastKnownFileType = file.storyboard; name = Base; path = Base.lproj/LaunchScreen.storyboard; sourceTree = "<group>"; };
		0011DBC31F6C0EBA004212E1 /* Info.plist */ = {isa = PBXFileReference; lastKnownFileType = text.plist.xml; path = Info.plist; sourceTree = "<group>"; };
		0011DBC81F6C0EBA004212E1 /* EpidemikTests.xctest */ = {isa = PBXFileReference; explicitFileType = wrapper.cfbundle; includeInIndex = 0; path = EpidemikTests.xctest; sourceTree = BUILT_PRODUCTS_DIR; };
		0011DBCC1F6C0EBA004212E1 /* EpidemikTests.swift */ = {isa = PBXFileReference; lastKnownFileType = sourcecode.swift; path = EpidemikTests.swift; sourceTree = "<group>"; };
		0011DBCE1F6C0EBA004212E1 /* Info.plist */ = {isa = PBXFileReference; lastKnownFileType = text.plist.xml; path = Info.plist; sourceTree = "<group>"; };
		0011DBD31F6C0EBA004212E1 /* EpidemikUITests.xctest */ = {isa = PBXFileReference; explicitFileType = wrapper.cfbundle; includeInIndex = 0; path = EpidemikUITests.xctest; sourceTree = BUILT_PRODUCTS_DIR; };
		0011DBD71F6C0EBA004212E1 /* EpidemikUITests.swift */ = {isa = PBXFileReference; lastKnownFileType = sourcecode.swift; path = EpidemikUITests.swift; sourceTree = "<group>"; };
		0011DBD91F6C0EBA004212E1 /* Info.plist */ = {isa = PBXFileReference; lastKnownFileType = text.plist.xml; path = Info.plist; sourceTree = "<group>"; };
		0018BCD71FE0BDB7008DCDE5 /* SettingsView.swift */ = {isa = PBXFileReference; lastKnownFileType = sourcecode.swift; path = SettingsView.swift; sourceTree = "<group>"; };
		00224BE72038C9CF002430D3 /* DiseasePolygon.swift */ = {isa = PBXFileReference; lastKnownFileType = sourcecode.swift; path = DiseasePolygon.swift; sourceTree = "<group>"; };
		0032F3411F808295001A9633 /* MapOverlayCreator.swift */ = {isa = PBXFileReference; lastKnownFileType = sourcecode.swift; path = MapOverlayCreator.swift; sourceTree = "<group>"; };
		005459151F749FCF00F73872 /* Epidemik.entitlements */ = {isa = PBXFileReference; lastKnownFileType = text.plist.entitlements; path = Epidemik.entitlements; sourceTree = "<group>"; };
		0061311B200A920B00A4E71B /* DiseaseRenderer.swift */ = {isa = PBXFileReference; lastKnownFileType = sourcecode.swift; path = DiseaseRenderer.swift; sourceTree = "<group>"; };
		0079189A1FF56C4900DB03D3 /* TransitionControls.swift */ = {isa = PBXFileReference; lastKnownFileType = sourcecode.swift; path = TransitionControls.swift; sourceTree = "<group>"; };
		0079189C1FF58D8700DB03D3 /* Diseases.swift */ = {isa = PBXFileReference; lastKnownFileType = sourcecode.swift; path = Diseases.swift; sourceTree = "<group>"; };
		007918A01FF591D600DB03D3 /* UserAgreementPt3.swift */ = {isa = PBXFileReference; lastKnownFileType = sourcecode.swift; path = UserAgreementPt3.swift; sourceTree = "<group>"; };
		0083AD241F795BD8007AEF87 /* SicknessScreen.swift */ = {isa = PBXFileReference; lastKnownFileType = sourcecode.swift; path = SicknessScreen.swift; sourceTree = "<group>"; };
		0083AD261F795C50007AEF87 /* DiseaseNameScreen.swift */ = {isa = PBXFileReference; lastKnownFileType = sourcecode.swift; path = DiseaseNameScreen.swift; sourceTree = "<group>"; };
		009CE9E11F8FFFFD00D224F0 /* MainHolder.swift */ = {isa = PBXFileReference; lastKnownFileType = sourcecode.swift; path = MainHolder.swift; sourceTree = "<group>"; };
		00A5E7A01F6C414D004535D9 /* ContinueArrow.swift */ = {isa = PBXFileReference; fileEncoding = 4; lastKnownFileType = sourcecode.swift; path = ContinueArrow.swift; sourceTree = "<group>"; };
		00A5E7A11F6C414D004535D9 /* TutorialHolder.swift */ = {isa = PBXFileReference; fileEncoding = 4; lastKnownFileType = sourcecode.swift; path = TutorialHolder.swift; sourceTree = "<group>"; };
		00A5E7A21F6C414D004535D9 /* NotificationsAsk.swift */ = {isa = PBXFileReference; fileEncoding = 4; lastKnownFileType = sourcecode.swift; path = NotificationsAsk.swift; sourceTree = "<group>"; };
		00A5E7A61F6C415E004535D9 /* AppDescription.swift */ = {isa = PBXFileReference; fileEncoding = 4; lastKnownFileType = sourcecode.swift; path = AppDescription.swift; sourceTree = "<group>"; };
		00A5E7A81F6C4170004535D9 /* GeneralAskScreen.swift */ = {isa = PBXFileReference; fileEncoding = 4; lastKnownFileType = sourcecode.swift; path = GeneralAskScreen.swift; sourceTree = "<group>"; };
		00AA1807203BB8370071CA6A /* TrendLoadingReactor.swift */ = {isa = PBXFileReference; lastKnownFileType = sourcecode.swift; path = TrendLoadingReactor.swift; sourceTree = "<group>"; };
		00AA1809203BB8440071CA6A /* TrendDataCenter.swift */ = {isa = PBXFileReference; lastKnownFileType = sourcecode.swift; path = TrendDataCenter.swift; sourceTree = "<group>"; };
		00BC4F6F1F81746C0018D5D8 /* Map.swift */ = {isa = PBXFileReference; lastKnownFileType = sourcecode.swift; path = Map.swift; sourceTree = "<group>"; };
		00BD462C1FE19AF50009A4B5 /* BarSelector.swift */ = {isa = PBXFileReference; lastKnownFileType = sourcecode.swift; path = BarSelector.swift; sourceTree = "<group>"; };
		00BD462E1FE19C620009A4B5 /* DetailSelector.swift */ = {isa = PBXFileReference; lastKnownFileType = sourcecode.swift; path = DetailSelector.swift; sourceTree = "<group>"; };
		00BD46301FE1C6F20009A4B5 /* AddressChanger.swift */ = {isa = PBXFileReference; lastKnownFileType = sourcecode.swift; path = AddressChanger.swift; sourceTree = "<group>"; };
		00CD77F91F7843EA002B5C78 /* AddressAsk.swift */ = {isa = PBXFileReference; lastKnownFileType = sourcecode.swift; path = AddressAsk.swift; sourceTree = "<group>"; };
		00CD77FC1F7844C1002B5C78 /* FileRW.swift */ = {isa = PBXFileReference; lastKnownFileType = sourcecode.swift; path = FileRW.swift; sourceTree = "<group>"; };
		00D665501FB5348F00C3C680 /* Trend.swift */ = {isa = PBXFileReference; lastKnownFileType = sourcecode.swift; path = Trend.swift; sourceTree = "<group>"; };
		00E9A4C61F8EFA6C008C95BD /* Disease.swift */ = {isa = PBXFileReference; lastKnownFileType = sourcecode.swift; path = Disease.swift; sourceTree = "<group>"; };
		00E9D5272038A9A900C353AF /* DiseaseDataCenter.swift */ = {isa = PBXFileReference; lastKnownFileType = sourcecode.swift; path = DiseaseDataCenter.swift; sourceTree = "<group>"; };
		00EBE4AE1F9D2BE6005A8E6B /* UserAgreementPt2.swift */ = {isa = PBXFileReference; lastKnownFileType = sourcecode.swift; path = UserAgreementPt2.swift; sourceTree = "<group>"; };
		00EBE4B01F9D2EC1005A8E6B /* ColorScheme.swift */ = {isa = PBXFileReference; lastKnownFileType = sourcecode.swift; path = ColorScheme.swift; sourceTree = "<group>"; };
		00EE1AA21FCB4D58006FDBFD /* TimeSelector.swift */ = {isa = PBXFileReference; lastKnownFileType = sourcecode.swift; path = TimeSelector.swift; sourceTree = "<group>"; };
		00F2F04D1F7F0B8300BC3120 /* UserAgreementPt1.swift */ = {isa = PBXFileReference; lastKnownFileType = sourcecode.swift; path = UserAgreementPt1.swift; sourceTree = "<group>"; };
		00F2F0511F7F1ECD00BC3120 /* ButtonSelector.swift */ = {isa = PBXFileReference; lastKnownFileType = sourcecode.swift; path = ButtonSelector.swift; sourceTree = "<group>"; };
		00FC190F1FB3DEB700D8FD97 /* TrendsView.swift */ = {isa = PBXFileReference; lastKnownFileType = sourcecode.swift; path = TrendsView.swift; sourceTree = "<group>"; };
/* End PBXFileReference section */

/* Begin PBXFrameworksBuildPhase section */
		0008CE301FE6FB09006FD767 /* Frameworks */ = {
			isa = PBXFrameworksBuildPhase;
			buildActionMask = 2147483647;
			files = (
				0008CE361FE6FB09006FD767 /* NotificationCenter.framework in Frameworks */,
			);
			runOnlyForDeploymentPostprocessing = 0;
		};
		0011DBB11F6C0EBA004212E1 /* Frameworks */ = {
			isa = PBXFrameworksBuildPhase;
			buildActionMask = 2147483647;
			files = (
			);
			runOnlyForDeploymentPostprocessing = 0;
		};
		0011DBC51F6C0EBA004212E1 /* Frameworks */ = {
			isa = PBXFrameworksBuildPhase;
			buildActionMask = 2147483647;
			files = (
			);
			runOnlyForDeploymentPostprocessing = 0;
		};
		0011DBD01F6C0EBA004212E1 /* Frameworks */ = {
			isa = PBXFrameworksBuildPhase;
			buildActionMask = 2147483647;
			files = (
			);
			runOnlyForDeploymentPostprocessing = 0;
		};
/* End PBXFrameworksBuildPhase section */

/* Begin PBXGroup section */
		0008CE2A1FE6CF93006FD767 /* QuickTouch */ = {
			isa = PBXGroup;
			children = (
				0008CE2B1FE6CFA1006FD767 /* QuickTouch.swift */,
			);
			name = QuickTouch;
			sourceTree = "<group>";
		};
		0008CE341FE6FB09006FD767 /* Frameworks */ = {
			isa = PBXGroup;
			children = (
				0008CE351FE6FB09006FD767 /* NotificationCenter.framework */,
			);
			name = Frameworks;
			sourceTree = "<group>";
		};
		0008CE371FE6FB09006FD767 /* EpidemikWidget */ = {
			isa = PBXGroup;
			children = (
				0008CE4B1FE702A7006FD767 /* EpidemikWidget.entitlements */,
				0008CE381FE6FB09006FD767 /* TodayViewController.swift */,
				0008CE3A1FE6FB09006FD767 /* MainInterface.storyboard */,
				0008CE3D1FE6FB09006FD767 /* Info.plist */,
				0008CE451FE6FCD6006FD767 /* TrendsWidgetView.swift */,
				0008CE471FE6FD06006FD767 /* Trend.swift */,
			);
			path = EpidemikWidget;
			sourceTree = "<group>";
		};
		00112525203889DA00C3D16A /* DataCenter */ = {
			isa = PBXGroup;
			children = (
				00AA1806203BB8210071CA6A /* TrendData */,
				00AA1805203BB7C20071CA6A /* DiseaseData */,
				00112526203889EF00C3D16A /* DataCenter.swift */,
			);
			name = DataCenter;
			sourceTree = "<group>";
		};
		0011DBAB1F6C0EBA004212E1 = {
			isa = PBXGroup;
			children = (
				0011DBB61F6C0EBA004212E1 /* Epidemik */,
				0011DBCB1F6C0EBA004212E1 /* EpidemikTests */,
				0011DBD61F6C0EBA004212E1 /* EpidemikUITests */,
				0008CE371FE6FB09006FD767 /* EpidemikWidget */,
				0008CE341FE6FB09006FD767 /* Frameworks */,
				0011DBB51F6C0EBA004212E1 /* Products */,
			);
			sourceTree = "<group>";
		};
		0011DBB51F6C0EBA004212E1 /* Products */ = {
			isa = PBXGroup;
			children = (
				0011DBB41F6C0EBA004212E1 /* Epidemik.app */,
				0011DBC81F6C0EBA004212E1 /* EpidemikTests.xctest */,
				0011DBD31F6C0EBA004212E1 /* EpidemikUITests.xctest */,
				0008CE331FE6FB09006FD767 /* EpidemikWidget.appex */,
			);
			name = Products;
			sourceTree = "<group>";
		};
		0011DBB61F6C0EBA004212E1 /* Epidemik */ = {
			isa = PBXGroup;
			children = (
				00112525203889DA00C3D16A /* DataCenter */,
				009CE9E11F8FFFFD00D224F0 /* MainHolder.swift */,
				0008CE2A1FE6CF93006FD767 /* QuickTouch */,
				0018BCD61FE0BDA7008DCDE5 /* Settings */,
				00FC190E1FB3DEA900D8FD97 /* Trends */,
				00F2F04F1F7F1E1400BC3120 /* General */,
				0083AD231F795BB3007AEF87 /* Map */,
				0083AD221F795BA9007AEF87 /* Sickness Registration */,
				005459151F749FCF00F73872 /* Epidemik.entitlements */,
				0011DBE51F6C3D63004212E1 /* Start Up */,
				0011DBB71F6C0EBA004212E1 /* AppDelegate.swift */,
				0011DBB91F6C0EBA004212E1 /* ViewController.swift */,
				0011DBBB1F6C0EBA004212E1 /* Main.storyboard */,
				0011DBBE1F6C0EBA004212E1 /* Assets.xcassets */,
				0011DBC01F6C0EBA004212E1 /* LaunchScreen.storyboard */,
				0011DBC31F6C0EBA004212E1 /* Info.plist */,
			);
			path = Epidemik;
			sourceTree = "<group>";
		};
		0011DBCB1F6C0EBA004212E1 /* EpidemikTests */ = {
			isa = PBXGroup;
			children = (
				0011DBCC1F6C0EBA004212E1 /* EpidemikTests.swift */,
				0011DBCE1F6C0EBA004212E1 /* Info.plist */,
			);
			path = EpidemikTests;
			sourceTree = "<group>";
		};
		0011DBD61F6C0EBA004212E1 /* EpidemikUITests */ = {
			isa = PBXGroup;
			children = (
				0011DBD71F6C0EBA004212E1 /* EpidemikUITests.swift */,
				0011DBD91F6C0EBA004212E1 /* Info.plist */,
			);
			path = EpidemikUITests;
			sourceTree = "<group>";
		};
		0011DBE51F6C3D63004212E1 /* Start Up */ = {
			isa = PBXGroup;
			children = (
				00A5E7A81F6C4170004535D9 /* GeneralAskScreen.swift */,
				00A5E7A61F6C415E004535D9 /* AppDescription.swift */,
				00A5E7A01F6C414D004535D9 /* ContinueArrow.swift */,
				00A5E7A11F6C414D004535D9 /* TutorialHolder.swift */,
				00A5E7A21F6C414D004535D9 /* NotificationsAsk.swift */,
				00CD77F91F7843EA002B5C78 /* AddressAsk.swift */,
				00F2F04D1F7F0B8300BC3120 /* UserAgreementPt1.swift */,
				00EBE4AE1F9D2BE6005A8E6B /* UserAgreementPt2.swift */,
				007918A01FF591D600DB03D3 /* UserAgreementPt3.swift */,
			);
			name = "Start Up";
			sourceTree = "<group>";
		};
		0018BCD61FE0BDA7008DCDE5 /* Settings */ = {
			isa = PBXGroup;
			children = (
				0018BCD71FE0BDB7008DCDE5 /* SettingsView.swift */,
				00BD462E1FE19C620009A4B5 /* DetailSelector.swift */,
			);
			name = Settings;
			sourceTree = "<group>";
		};
		0083AD221F795BA9007AEF87 /* Sickness Registration */ = {
			isa = PBXGroup;
			children = (
				0083AD241F795BD8007AEF87 /* SicknessScreen.swift */,
				0083AD261F795C50007AEF87 /* DiseaseNameScreen.swift */,
				0008CE2D1FE6D158006FD767 /* ReportingService.swift */,
				0079189C1FF58D8700DB03D3 /* Diseases.swift */,
			);
			name = "Sickness Registration";
			sourceTree = "<group>";
		};
		0083AD231F795BB3007AEF87 /* Map */ = {
			isa = PBXGroup;
			children = (
				0032F3411F808295001A9633 /* MapOverlayCreator.swift */,
				00BC4F6F1F81746C0018D5D8 /* Map.swift */,
				00EE1AA21FCB4D58006FDBFD /* TimeSelector.swift */,
				0061311B200A920B00A4E71B /* DiseaseRenderer.swift */,
				00224BE72038C9CF002430D3 /* DiseasePolygon.swift */,
			);
			name = Map;
			sourceTree = "<group>";
		};
		00AA1805203BB7C20071CA6A /* DiseaseData */ = {
			isa = PBXGroup;
			children = (
				00067E222038CFF900170054 /* DiseaseLoadingReactor.swift */,
				00E9D5272038A9A900C353AF /* DiseaseDataCenter.swift */,
				00E9A4C61F8EFA6C008C95BD /* Disease.swift */,
			);
			name = DiseaseData;
			sourceTree = "<group>";
		};
		00AA1806203BB8210071CA6A /* TrendData */ = {
			isa = PBXGroup;
			children = (
				00D665501FB5348F00C3C680 /* Trend.swift */,
				00AA1807203BB8370071CA6A /* TrendLoadingReactor.swift */,
				00AA1809203BB8440071CA6A /* TrendDataCenter.swift */,
			);
			name = TrendData;
			sourceTree = "<group>";
		};
		00F2F04F1F7F1E1400BC3120 /* General */ = {
			isa = PBXGroup;
			children = (
				00BD46301FE1C6F20009A4B5 /* AddressChanger.swift */,
				00CD77FC1F7844C1002B5C78 /* FileRW.swift */,
				00EBE4B01F9D2EC1005A8E6B /* ColorScheme.swift */,
				00F2F0511F7F1ECD00BC3120 /* ButtonSelector.swift */,
				0010A42C1F8008A800D12495 /* ButtonExtension.swift */,
				0010A42E1F800DD000D12495 /* ScrollSelector.swift */,
				00BD462C1FE19AF50009A4B5 /* BarSelector.swift */,
				0079189A1FF56C4900DB03D3 /* TransitionControls.swift */,
				00067E202038CEC000170054 /* IFunc.swift */,
			);
			name = General;
			sourceTree = "<group>";
		};
		00FC190E1FB3DEA900D8FD97 /* Trends */ = {
			isa = PBXGroup;
			children = (
				00FC190F1FB3DEB700D8FD97 /* TrendsView.swift */,
			);
			name = Trends;
			sourceTree = "<group>";
		};
/* End PBXGroup section */

/* Begin PBXNativeTarget section */
		0008CE321FE6FB09006FD767 /* EpidemikWidget */ = {
			isa = PBXNativeTarget;
			buildConfigurationList = 0008CE431FE6FB09006FD767 /* Build configuration list for PBXNativeTarget "EpidemikWidget" */;
			buildPhases = (
				0008CE2F1FE6FB09006FD767 /* Sources */,
				0008CE301FE6FB09006FD767 /* Frameworks */,
				0008CE311FE6FB09006FD767 /* Resources */,
			);
			buildRules = (
			);
			dependencies = (
			);
			name = EpidemikWidget;
			productName = EpidemikWidget;
			productReference = 0008CE331FE6FB09006FD767 /* EpidemikWidget.appex */;
			productType = "com.apple.product-type.app-extension";
		};
		0011DBB31F6C0EBA004212E1 /* Epidemik */ = {
			isa = PBXNativeTarget;
			buildConfigurationList = 0011DBDC1F6C0EBA004212E1 /* Build configuration list for PBXNativeTarget "Epidemik" */;
			buildPhases = (
				0011DBB01F6C0EBA004212E1 /* Sources */,
				0011DBB11F6C0EBA004212E1 /* Frameworks */,
				0011DBB21F6C0EBA004212E1 /* Resources */,
				0008CE441FE6FB09006FD767 /* Embed App Extensions */,
			);
			buildRules = (
			);
			dependencies = (
				0008CE3F1FE6FB09006FD767 /* PBXTargetDependency */,
			);
			name = Epidemik;
			productName = Epidemik;
			productReference = 0011DBB41F6C0EBA004212E1 /* Epidemik.app */;
			productType = "com.apple.product-type.application";
		};
		0011DBC71F6C0EBA004212E1 /* EpidemikTests */ = {
			isa = PBXNativeTarget;
			buildConfigurationList = 0011DBDF1F6C0EBA004212E1 /* Build configuration list for PBXNativeTarget "EpidemikTests" */;
			buildPhases = (
				0011DBC41F6C0EBA004212E1 /* Sources */,
				0011DBC51F6C0EBA004212E1 /* Frameworks */,
				0011DBC61F6C0EBA004212E1 /* Resources */,
			);
			buildRules = (
			);
			dependencies = (
				0011DBCA1F6C0EBA004212E1 /* PBXTargetDependency */,
			);
			name = EpidemikTests;
			productName = EpidemikTests;
			productReference = 0011DBC81F6C0EBA004212E1 /* EpidemikTests.xctest */;
			productType = "com.apple.product-type.bundle.unit-test";
		};
		0011DBD21F6C0EBA004212E1 /* EpidemikUITests */ = {
			isa = PBXNativeTarget;
			buildConfigurationList = 0011DBE21F6C0EBA004212E1 /* Build configuration list for PBXNativeTarget "EpidemikUITests" */;
			buildPhases = (
				0011DBCF1F6C0EBA004212E1 /* Sources */,
				0011DBD01F6C0EBA004212E1 /* Frameworks */,
				0011DBD11F6C0EBA004212E1 /* Resources */,
			);
			buildRules = (
			);
			dependencies = (
				0011DBD51F6C0EBA004212E1 /* PBXTargetDependency */,
			);
			name = EpidemikUITests;
			productName = EpidemikUITests;
			productReference = 0011DBD31F6C0EBA004212E1 /* EpidemikUITests.xctest */;
			productType = "com.apple.product-type.bundle.ui-testing";
		};
/* End PBXNativeTarget section */

/* Begin PBXProject section */
		0011DBAC1F6C0EBA004212E1 /* Project object */ = {
			isa = PBXProject;
			attributes = {
				KnownAssetTags = (
					New,
				);
				LastSwiftUpdateCheck = 0920;
				LastUpgradeCheck = 0900;
				ORGANIZATIONNAME = "RBradford Studios";
				TargetAttributes = {
					0008CE321FE6FB09006FD767 = {
						CreatedOnToolsVersion = 9.2;
						DevelopmentTeam = 637YQRHJ3C;
						ProvisioningStyle = Automatic;
						SystemCapabilities = {
							com.apple.ApplicationGroups.iOS = {
								enabled = 1;
							};
						};
					};
					0011DBB31F6C0EBA004212E1 = {
						CreatedOnToolsVersion = 8.3.3;
						DevelopmentTeam = 637YQRHJ3C;
						LastSwiftMigration = 0900;
						ProvisioningStyle = Automatic;
						SystemCapabilities = {
							com.apple.ApplicationGroups.iOS = {
								enabled = 1;
							};
							com.apple.Push = {
								enabled = 1;
							};
						};
					};
					0011DBC71F6C0EBA004212E1 = {
						CreatedOnToolsVersion = 8.3.3;
						DevelopmentTeam = 637YQRHJ3C;
						LastSwiftMigration = 0900;
						ProvisioningStyle = Automatic;
						TestTargetID = 0011DBB31F6C0EBA004212E1;
					};
					0011DBD21F6C0EBA004212E1 = {
						CreatedOnToolsVersion = 8.3.3;
						DevelopmentTeam = 637YQRHJ3C;
						LastSwiftMigration = 0900;
						ProvisioningStyle = Automatic;
						TestTargetID = 0011DBB31F6C0EBA004212E1;
					};
				};
			};
			buildConfigurationList = 0011DBAF1F6C0EBA004212E1 /* Build configuration list for PBXProject "Epidemik" */;
			compatibilityVersion = "Xcode 3.2";
			developmentRegion = English;
			hasScannedForEncodings = 0;
			knownRegions = (
				en,
				Base,
			);
			mainGroup = 0011DBAB1F6C0EBA004212E1;
			productRefGroup = 0011DBB51F6C0EBA004212E1 /* Products */;
			projectDirPath = "";
			projectRoot = "";
			targets = (
				0011DBB31F6C0EBA004212E1 /* Epidemik */,
				0011DBC71F6C0EBA004212E1 /* EpidemikTests */,
				0011DBD21F6C0EBA004212E1 /* EpidemikUITests */,
				0008CE321FE6FB09006FD767 /* EpidemikWidget */,
			);
		};
/* End PBXProject section */

/* Begin PBXResourcesBuildPhase section */
		0008CE311FE6FB09006FD767 /* Resources */ = {
			isa = PBXResourcesBuildPhase;
			buildActionMask = 2147483647;
			files = (
				0008CE3C1FE6FB09006FD767 /* MainInterface.storyboard in Resources */,
			);
			runOnlyForDeploymentPostprocessing = 0;
		};
		0011DBB21F6C0EBA004212E1 /* Resources */ = {
			isa = PBXResourcesBuildPhase;
			buildActionMask = 2147483647;
			files = (
				0011DBC21F6C0EBA004212E1 /* LaunchScreen.storyboard in Resources */,
				0011DBBF1F6C0EBA004212E1 /* Assets.xcassets in Resources */,
				0011DBBD1F6C0EBA004212E1 /* Main.storyboard in Resources */,
			);
			runOnlyForDeploymentPostprocessing = 0;
		};
		0011DBC61F6C0EBA004212E1 /* Resources */ = {
			isa = PBXResourcesBuildPhase;
			buildActionMask = 2147483647;
			files = (
			);
			runOnlyForDeploymentPostprocessing = 0;
		};
		0011DBD11F6C0EBA004212E1 /* Resources */ = {
			isa = PBXResourcesBuildPhase;
			buildActionMask = 2147483647;
			files = (
			);
			runOnlyForDeploymentPostprocessing = 0;
		};
/* End PBXResourcesBuildPhase section */

/* Begin PBXSourcesBuildPhase section */
		0008CE2F1FE6FB09006FD767 /* Sources */ = {
			isa = PBXSourcesBuildPhase;
			buildActionMask = 2147483647;
			files = (
				0008CE4D1FE706CC006FD767 /* Assets.xcassets in Sources */,
				0008CE4C1FE706C8006FD767 /* FileRW.swift in Sources */,
				0008CE461FE6FCD6006FD767 /* TrendsWidgetView.swift in Sources */,
				0008CE391FE6FB09006FD767 /* TodayViewController.swift in Sources */,
				0008CE481FE6FD06006FD767 /* Trend.swift in Sources */,
			);
			runOnlyForDeploymentPostprocessing = 0;
		};
		0011DBB01F6C0EBA004212E1 /* Sources */ = {
			isa = PBXSourcesBuildPhase;
			buildActionMask = 2147483647;
			files = (
				00CD77FA1F7843EA002B5C78 /* AddressAsk.swift in Sources */,
				00E9A4C71F8EFA6C008C95BD /* Disease.swift in Sources */,
				00A5E7A91F6C4170004535D9 /* GeneralAskScreen.swift in Sources */,
				0079189D1FF58D8700DB03D3 /* Diseases.swift in Sources */,
				00BD462F1FE19C620009A4B5 /* DetailSelector.swift in Sources */,
				0010A42F1F800DD000D12495 /* ScrollSelector.swift in Sources */,
				00FC19101FB3DEB700D8FD97 /* TrendsView.swift in Sources */,
				0083AD251F795BD8007AEF87 /* SicknessScreen.swift in Sources */,
				00BC4F701F81746C0018D5D8 /* Map.swift in Sources */,
				00067E212038CEC000170054 /* IFunc.swift in Sources */,
				00EBE4B11F9D2EC1005A8E6B /* ColorScheme.swift in Sources */,
				009CE9E21F8FFFFD00D224F0 /* MainHolder.swift in Sources */,
				007918A11FF591D600DB03D3 /* UserAgreementPt3.swift in Sources */,
				00F2F0521F7F1ECD00BC3120 /* ButtonSelector.swift in Sources */,
				00E9D5282038A9A900C353AF /* DiseaseDataCenter.swift in Sources */,
				00A5E7A31F6C414D004535D9 /* ContinueArrow.swift in Sources */,
				00BD46311FE1C6F20009A4B5 /* AddressChanger.swift in Sources */,
				00D665511FB5348F00C3C680 /* Trend.swift in Sources */,
				0079189B1FF56C4900DB03D3 /* TransitionControls.swift in Sources */,
				00112527203889EF00C3D16A /* DataCenter.swift in Sources */,
				00CD77FD1F7844C1002B5C78 /* FileRW.swift in Sources */,
				0011DBBA1F6C0EBA004212E1 /* ViewController.swift in Sources */,
				0061311C200A920B00A4E71B /* DiseaseRenderer.swift in Sources */,
				0010A42D1F8008A800D12495 /* ButtonExtension.swift in Sources */,
				0083AD271F795C50007AEF87 /* DiseaseNameScreen.swift in Sources */,
				00AA180A203BB8440071CA6A /* TrendDataCenter.swift in Sources */,
				00A5E7A41F6C414D004535D9 /* TutorialHolder.swift in Sources */,
				0032F3421F808295001A9633 /* MapOverlayCreator.swift in Sources */,
				00A5E7A51F6C414D004535D9 /* NotificationsAsk.swift in Sources */,
				00067E232038CFF900170054 /* DiseaseLoadingReactor.swift in Sources */,
				0018BCD81FE0BDB7008DCDE5 /* SettingsView.swift in Sources */,
				00BD462D1FE19AF50009A4B5 /* BarSelector.swift in Sources */,
				00AA1808203BB8370071CA6A /* TrendLoadingReactor.swift in Sources */,
				00EBE4AF1F9D2BE6005A8E6B /* UserAgreementPt2.swift in Sources */,
				00F2F04E1F7F0B8300BC3120 /* UserAgreementPt1.swift in Sources */,
				0008CE2C1FE6CFA1006FD767 /* QuickTouch.swift in Sources */,
				0008CE2E1FE6D158006FD767 /* ReportingService.swift in Sources */,
				00EE1AA31FCB4D58006FDBFD /* TimeSelector.swift in Sources */,
				00A5E7A71F6C415E004535D9 /* AppDescription.swift in Sources */,
				0011DBB81F6C0EBA004212E1 /* AppDelegate.swift in Sources */,
				00224BE82038C9CF002430D3 /* DiseasePolygon.swift in Sources */,
			);
			runOnlyForDeploymentPostprocessing = 0;
		};
		0011DBC41F6C0EBA004212E1 /* Sources */ = {
			isa = PBXSourcesBuildPhase;
			buildActionMask = 2147483647;
			files = (
				0011DBCD1F6C0EBA004212E1 /* EpidemikTests.swift in Sources */,
			);
			runOnlyForDeploymentPostprocessing = 0;
		};
		0011DBCF1F6C0EBA004212E1 /* Sources */ = {
			isa = PBXSourcesBuildPhase;
			buildActionMask = 2147483647;
			files = (
				0011DBD81F6C0EBA004212E1 /* EpidemikUITests.swift in Sources */,
			);
			runOnlyForDeploymentPostprocessing = 0;
		};
/* End PBXSourcesBuildPhase section */

/* Begin PBXTargetDependency section */
		0008CE3F1FE6FB09006FD767 /* PBXTargetDependency */ = {
			isa = PBXTargetDependency;
			target = 0008CE321FE6FB09006FD767 /* EpidemikWidget */;
			targetProxy = 0008CE3E1FE6FB09006FD767 /* PBXContainerItemProxy */;
		};
		0011DBCA1F6C0EBA004212E1 /* PBXTargetDependency */ = {
			isa = PBXTargetDependency;
			target = 0011DBB31F6C0EBA004212E1 /* Epidemik */;
			targetProxy = 0011DBC91F6C0EBA004212E1 /* PBXContainerItemProxy */;
		};
		0011DBD51F6C0EBA004212E1 /* PBXTargetDependency */ = {
			isa = PBXTargetDependency;
			target = 0011DBB31F6C0EBA004212E1 /* Epidemik */;
			targetProxy = 0011DBD41F6C0EBA004212E1 /* PBXContainerItemProxy */;
		};
/* End PBXTargetDependency section */

/* Begin PBXVariantGroup section */
		0008CE3A1FE6FB09006FD767 /* MainInterface.storyboard */ = {
			isa = PBXVariantGroup;
			children = (
				0008CE3B1FE6FB09006FD767 /* Base */,
			);
			name = MainInterface.storyboard;
			sourceTree = "<group>";
		};
		0011DBBB1F6C0EBA004212E1 /* Main.storyboard */ = {
			isa = PBXVariantGroup;
			children = (
				0011DBBC1F6C0EBA004212E1 /* Base */,
			);
			name = Main.storyboard;
			sourceTree = "<group>";
		};
		0011DBC01F6C0EBA004212E1 /* LaunchScreen.storyboard */ = {
			isa = PBXVariantGroup;
			children = (
				0011DBC11F6C0EBA004212E1 /* Base */,
			);
			name = LaunchScreen.storyboard;
			sourceTree = "<group>";
		};
/* End PBXVariantGroup section */

/* Begin XCBuildConfiguration section */
		0008CE411FE6FB09006FD767 /* Debug */ = {
			isa = XCBuildConfiguration;
			buildSettings = {
				CLANG_CXX_LANGUAGE_STANDARD = "gnu++14";
				CLANG_WARN_UNGUARDED_AVAILABILITY = YES_AGGRESSIVE;
				CODE_SIGN_ENTITLEMENTS = EpidemikWidget/EpidemikWidget.entitlements;
				CODE_SIGN_IDENTITY = "iPhone Developer";
				CODE_SIGN_STYLE = Automatic;
				DEVELOPMENT_TEAM = 637YQRHJ3C;
				GCC_C_LANGUAGE_STANDARD = gnu11;
				INFOPLIST_FILE = EpidemikWidget/Info.plist;
				IPHONEOS_DEPLOYMENT_TARGET = 10.0;
				LD_RUNPATH_SEARCH_PATHS = "$(inherited) @executable_path/Frameworks @executable_path/../../Frameworks";
				PRODUCT_BUNDLE_IDENTIFIER = io.rbradford.thaumavor.Epidemik.EpidemikWidget;
				PRODUCT_NAME = "$(TARGET_NAME)";
				SKIP_INSTALL = YES;
				SWIFT_VERSION = 4.0;
				TARGETED_DEVICE_FAMILY = "1,2";
			};
			name = Debug;
		};
		0008CE421FE6FB09006FD767 /* Release */ = {
			isa = XCBuildConfiguration;
			buildSettings = {
				CLANG_CXX_LANGUAGE_STANDARD = "gnu++14";
				CLANG_WARN_UNGUARDED_AVAILABILITY = YES_AGGRESSIVE;
				CODE_SIGN_ENTITLEMENTS = EpidemikWidget/EpidemikWidget.entitlements;
				CODE_SIGN_IDENTITY = "iPhone Developer";
				CODE_SIGN_STYLE = Automatic;
				DEVELOPMENT_TEAM = 637YQRHJ3C;
				GCC_C_LANGUAGE_STANDARD = gnu11;
				INFOPLIST_FILE = EpidemikWidget/Info.plist;
				IPHONEOS_DEPLOYMENT_TARGET = 10.0;
				LD_RUNPATH_SEARCH_PATHS = "$(inherited) @executable_path/Frameworks @executable_path/../../Frameworks";
				PRODUCT_BUNDLE_IDENTIFIER = io.rbradford.thaumavor.Epidemik.EpidemikWidget;
				PRODUCT_NAME = "$(TARGET_NAME)";
				SKIP_INSTALL = YES;
				SWIFT_VERSION = 4.0;
				TARGETED_DEVICE_FAMILY = "1,2";
			};
			name = Release;
		};
		0011DBDA1F6C0EBA004212E1 /* Debug */ = {
			isa = XCBuildConfiguration;
			buildSettings = {
				ALWAYS_SEARCH_USER_PATHS = NO;
				CLANG_ANALYZER_NONNULL = YES;
				CLANG_ANALYZER_NUMBER_OBJECT_CONVERSION = YES_AGGRESSIVE;
				CLANG_CXX_LANGUAGE_STANDARD = "gnu++0x";
				CLANG_CXX_LIBRARY = "libc++";
				CLANG_ENABLE_MODULES = YES;
				CLANG_ENABLE_OBJC_ARC = YES;
				CLANG_WARN_BLOCK_CAPTURE_AUTORELEASING = YES;
				CLANG_WARN_BOOL_CONVERSION = YES;
				CLANG_WARN_COMMA = YES;
				CLANG_WARN_CONSTANT_CONVERSION = YES;
				CLANG_WARN_DIRECT_OBJC_ISA_USAGE = YES_ERROR;
				CLANG_WARN_DOCUMENTATION_COMMENTS = YES;
				CLANG_WARN_EMPTY_BODY = YES;
				CLANG_WARN_ENUM_CONVERSION = YES;
				CLANG_WARN_INFINITE_RECURSION = YES;
				CLANG_WARN_INT_CONVERSION = YES;
				CLANG_WARN_NON_LITERAL_NULL_CONVERSION = YES;
				CLANG_WARN_OBJC_LITERAL_CONVERSION = YES;
				CLANG_WARN_OBJC_ROOT_CLASS = YES_ERROR;
				CLANG_WARN_RANGE_LOOP_ANALYSIS = YES;
				CLANG_WARN_STRICT_PROTOTYPES = YES;
				CLANG_WARN_SUSPICIOUS_MOVE = YES;
				CLANG_WARN_UNREACHABLE_CODE = YES;
				CLANG_WARN__DUPLICATE_METHOD_MATCH = YES;
				"CODE_SIGN_IDENTITY[sdk=iphoneos*]" = "iPhone Developer";
				COPY_PHASE_STRIP = NO;
				DEBUG_INFORMATION_FORMAT = dwarf;
				ENABLE_STRICT_OBJC_MSGSEND = YES;
				ENABLE_TESTABILITY = YES;
				GCC_C_LANGUAGE_STANDARD = gnu99;
				GCC_DYNAMIC_NO_PIC = NO;
				GCC_NO_COMMON_BLOCKS = YES;
				GCC_OPTIMIZATION_LEVEL = 0;
				GCC_PREPROCESSOR_DEFINITIONS = (
					"DEBUG=1",
					"$(inherited)",
				);
				GCC_WARN_64_TO_32_BIT_CONVERSION = YES;
				GCC_WARN_ABOUT_RETURN_TYPE = YES_ERROR;
				GCC_WARN_UNDECLARED_SELECTOR = YES;
				GCC_WARN_UNINITIALIZED_AUTOS = YES_AGGRESSIVE;
				GCC_WARN_UNUSED_FUNCTION = YES;
				GCC_WARN_UNUSED_VARIABLE = YES;
				IPHONEOS_DEPLOYMENT_TARGET = 10.3;
				MTL_ENABLE_DEBUG_INFO = YES;
				ONLY_ACTIVE_ARCH = YES;
				SDKROOT = iphoneos;
				SWIFT_ACTIVE_COMPILATION_CONDITIONS = DEBUG;
				SWIFT_OPTIMIZATION_LEVEL = "-Onone";
				TARGETED_DEVICE_FAMILY = "1,2";
			};
			name = Debug;
		};
		0011DBDB1F6C0EBA004212E1 /* Release */ = {
			isa = XCBuildConfiguration;
			buildSettings = {
				ALWAYS_SEARCH_USER_PATHS = NO;
				CLANG_ANALYZER_NONNULL = YES;
				CLANG_ANALYZER_NUMBER_OBJECT_CONVERSION = YES_AGGRESSIVE;
				CLANG_CXX_LANGUAGE_STANDARD = "gnu++0x";
				CLANG_CXX_LIBRARY = "libc++";
				CLANG_ENABLE_MODULES = YES;
				CLANG_ENABLE_OBJC_ARC = YES;
				CLANG_WARN_BLOCK_CAPTURE_AUTORELEASING = YES;
				CLANG_WARN_BOOL_CONVERSION = YES;
				CLANG_WARN_COMMA = YES;
				CLANG_WARN_CONSTANT_CONVERSION = YES;
				CLANG_WARN_DIRECT_OBJC_ISA_USAGE = YES_ERROR;
				CLANG_WARN_DOCUMENTATION_COMMENTS = YES;
				CLANG_WARN_EMPTY_BODY = YES;
				CLANG_WARN_ENUM_CONVERSION = YES;
				CLANG_WARN_INFINITE_RECURSION = YES;
				CLANG_WARN_INT_CONVERSION = YES;
				CLANG_WARN_NON_LITERAL_NULL_CONVERSION = YES;
				CLANG_WARN_OBJC_LITERAL_CONVERSION = YES;
				CLANG_WARN_OBJC_ROOT_CLASS = YES_ERROR;
				CLANG_WARN_RANGE_LOOP_ANALYSIS = YES;
				CLANG_WARN_STRICT_PROTOTYPES = YES;
				CLANG_WARN_SUSPICIOUS_MOVE = YES;
				CLANG_WARN_UNREACHABLE_CODE = YES;
				CLANG_WARN__DUPLICATE_METHOD_MATCH = YES;
				"CODE_SIGN_IDENTITY[sdk=iphoneos*]" = "iPhone Developer";
				COPY_PHASE_STRIP = NO;
				DEBUG_INFORMATION_FORMAT = "dwarf-with-dsym";
				ENABLE_NS_ASSERTIONS = NO;
				ENABLE_STRICT_OBJC_MSGSEND = YES;
				GCC_C_LANGUAGE_STANDARD = gnu99;
				GCC_NO_COMMON_BLOCKS = YES;
				GCC_WARN_64_TO_32_BIT_CONVERSION = YES;
				GCC_WARN_ABOUT_RETURN_TYPE = YES_ERROR;
				GCC_WARN_UNDECLARED_SELECTOR = YES;
				GCC_WARN_UNINITIALIZED_AUTOS = YES_AGGRESSIVE;
				GCC_WARN_UNUSED_FUNCTION = YES;
				GCC_WARN_UNUSED_VARIABLE = YES;
				IPHONEOS_DEPLOYMENT_TARGET = 10.3;
				MTL_ENABLE_DEBUG_INFO = NO;
				SDKROOT = iphoneos;
				SWIFT_OPTIMIZATION_LEVEL = "-Owholemodule";
				TARGETED_DEVICE_FAMILY = "1,2";
				VALIDATE_PRODUCT = YES;
			};
			name = Release;
		};
		0011DBDD1F6C0EBA004212E1 /* Debug */ = {
			isa = XCBuildConfiguration;
			buildSettings = {
				ALWAYS_EMBED_SWIFT_STANDARD_LIBRARIES = YES;
				ASSETCATALOG_COMPILER_APPICON_NAME = AppIcon;
				CODE_SIGN_ENTITLEMENTS = Epidemik/Epidemik.entitlements;
				CODE_SIGN_IDENTITY = "iPhone Developer";
				DEVELOPMENT_TEAM = 637YQRHJ3C;
				INFOPLIST_FILE = Epidemik/Info.plist;
				IPHONEOS_DEPLOYMENT_TARGET = 10.0;
				LD_RUNPATH_SEARCH_PATHS = "$(inherited) @executable_path/Frameworks";
				PRODUCT_BUNDLE_IDENTIFIER = io.rbradford.thaumavor.Epidemik;
				PRODUCT_NAME = "$(TARGET_NAME)";
				SWIFT_SWIFT3_OBJC_INFERENCE = On;
				SWIFT_VERSION = 4.0;
			};
			name = Debug;
		};
		0011DBDE1F6C0EBA004212E1 /* Release */ = {
			isa = XCBuildConfiguration;
			buildSettings = {
				ALWAYS_EMBED_SWIFT_STANDARD_LIBRARIES = YES;
				ASSETCATALOG_COMPILER_APPICON_NAME = AppIcon;
				CODE_SIGN_ENTITLEMENTS = Epidemik/Epidemik.entitlements;
				CODE_SIGN_IDENTITY = "iPhone Developer";
				DEVELOPMENT_TEAM = 637YQRHJ3C;
				INFOPLIST_FILE = Epidemik/Info.plist;
				IPHONEOS_DEPLOYMENT_TARGET = 10.0;
				LD_RUNPATH_SEARCH_PATHS = "$(inherited) @executable_path/Frameworks";
				PRODUCT_BUNDLE_IDENTIFIER = io.rbradford.thaumavor.Epidemik;
				PRODUCT_NAME = "$(TARGET_NAME)";
				SWIFT_SWIFT3_OBJC_INFERENCE = On;
				SWIFT_VERSION = 4.0;
			};
			name = Release;
		};
		0011DBE01F6C0EBA004212E1 /* Debug */ = {
			isa = XCBuildConfiguration;
			buildSettings = {
				ALWAYS_EMBED_SWIFT_STANDARD_LIBRARIES = YES;
				BUNDLE_LOADER = "$(TEST_HOST)";
				DEVELOPMENT_TEAM = 637YQRHJ3C;
				INFOPLIST_FILE = EpidemikTests/Info.plist;
				LD_RUNPATH_SEARCH_PATHS = "$(inherited) @executable_path/Frameworks @loader_path/Frameworks";
				PRODUCT_BUNDLE_IDENTIFIER = io.thaumavor.rbradford.EpidemikTests;
				PRODUCT_NAME = "$(TARGET_NAME)";
				SWIFT_SWIFT3_OBJC_INFERENCE = On;
				SWIFT_VERSION = 4.0;
				TEST_HOST = "$(BUILT_PRODUCTS_DIR)/Epidemik.app/Epidemik";
			};
			name = Debug;
		};
		0011DBE11F6C0EBA004212E1 /* Release */ = {
			isa = XCBuildConfiguration;
			buildSettings = {
				ALWAYS_EMBED_SWIFT_STANDARD_LIBRARIES = YES;
				BUNDLE_LOADER = "$(TEST_HOST)";
				DEVELOPMENT_TEAM = 637YQRHJ3C;
				INFOPLIST_FILE = EpidemikTests/Info.plist;
				LD_RUNPATH_SEARCH_PATHS = "$(inherited) @executable_path/Frameworks @loader_path/Frameworks";
				PRODUCT_BUNDLE_IDENTIFIER = io.thaumavor.rbradford.EpidemikTests;
				PRODUCT_NAME = "$(TARGET_NAME)";
				SWIFT_SWIFT3_OBJC_INFERENCE = On;
				SWIFT_VERSION = 4.0;
				TEST_HOST = "$(BUILT_PRODUCTS_DIR)/Epidemik.app/Epidemik";
			};
			name = Release;
		};
		0011DBE31F6C0EBA004212E1 /* Debug */ = {
			isa = XCBuildConfiguration;
			buildSettings = {
				ALWAYS_EMBED_SWIFT_STANDARD_LIBRARIES = YES;
				DEVELOPMENT_TEAM = 637YQRHJ3C;
				INFOPLIST_FILE = EpidemikUITests/Info.plist;
				LD_RUNPATH_SEARCH_PATHS = "$(inherited) @executable_path/Frameworks @loader_path/Frameworks";
				PRODUCT_BUNDLE_IDENTIFIER = io.thaumavor.rbradford.EpidemikUITests;
				PRODUCT_NAME = "$(TARGET_NAME)";
				SWIFT_SWIFT3_OBJC_INFERENCE = On;
				SWIFT_VERSION = 4.0;
				TEST_TARGET_NAME = Epidemik;
			};
			name = Debug;
		};
		0011DBE41F6C0EBA004212E1 /* Release */ = {
			isa = XCBuildConfiguration;
			buildSettings = {
				ALWAYS_EMBED_SWIFT_STANDARD_LIBRARIES = YES;
				DEVELOPMENT_TEAM = 637YQRHJ3C;
				INFOPLIST_FILE = EpidemikUITests/Info.plist;
				LD_RUNPATH_SEARCH_PATHS = "$(inherited) @executable_path/Frameworks @loader_path/Frameworks";
				PRODUCT_BUNDLE_IDENTIFIER = io.thaumavor.rbradford.EpidemikUITests;
				PRODUCT_NAME = "$(TARGET_NAME)";
				SWIFT_SWIFT3_OBJC_INFERENCE = On;
				SWIFT_VERSION = 4.0;
				TEST_TARGET_NAME = Epidemik;
			};
			name = Release;
		};
/* End XCBuildConfiguration section */

/* Begin XCConfigurationList section */
		0008CE431FE6FB09006FD767 /* Build configuration list for PBXNativeTarget "EpidemikWidget" */ = {
			isa = XCConfigurationList;
			buildConfigurations = (
				0008CE411FE6FB09006FD767 /* Debug */,
				0008CE421FE6FB09006FD767 /* Release */,
			);
			defaultConfigurationIsVisible = 0;
			defaultConfigurationName = Release;
		};
		0011DBAF1F6C0EBA004212E1 /* Build configuration list for PBXProject "Epidemik" */ = {
			isa = XCConfigurationList;
			buildConfigurations = (
				0011DBDA1F6C0EBA004212E1 /* Debug */,
				0011DBDB1F6C0EBA004212E1 /* Release */,
			);
			defaultConfigurationIsVisible = 0;
			defaultConfigurationName = Release;
		};
		0011DBDC1F6C0EBA004212E1 /* Build configuration list for PBXNativeTarget "Epidemik" */ = {
			isa = XCConfigurationList;
			buildConfigurations = (
				0011DBDD1F6C0EBA004212E1 /* Debug */,
				0011DBDE1F6C0EBA004212E1 /* Release */,
			);
			defaultConfigurationIsVisible = 0;
			defaultConfigurationName = Release;
		};
		0011DBDF1F6C0EBA004212E1 /* Build configuration list for PBXNativeTarget "EpidemikTests" */ = {
			isa = XCConfigurationList;
			buildConfigurations = (
				0011DBE01F6C0EBA004212E1 /* Debug */,
				0011DBE11F6C0EBA004212E1 /* Release */,
			);
			defaultConfigurationIsVisible = 0;
			defaultConfigurationName = Release;
		};
		0011DBE21F6C0EBA004212E1 /* Build configuration list for PBXNativeTarget "EpidemikUITests" */ = {
			isa = XCConfigurationList;
			buildConfigurations = (
				0011DBE31F6C0EBA004212E1 /* Debug */,
				0011DBE41F6C0EBA004212E1 /* Release */,
			);
			defaultConfigurationIsVisible = 0;
			defaultConfigurationName = Release;
		};
/* End XCConfigurationList section */
	};
	rootObject = 0011DBAC1F6C0EBA004212E1 /* Project object */;
}
